
Microsoft Visual Studio Solution File, Format Version 12.00
# Visual Studio Version 17
VisualStudioVersion = 17.8.34525.116
MinimumVisualStudioVersion = 10.0.40219.1
Project("{FAE04EC0-301F-11D3-BF4B-00C04F79EFBC}") = "KhumaloWeb", "KhumaloWeb.csproj", "{DA135500-D7BA-4743-90C3-17818602493F}"
EndProject
Global
	GlobalSection(SolutionConfigurationPlatforms) = preSolution
		Debug|Any CPU = Debug|Any CPU
		Release|Any CPU = Release|Any CPU
	EndGlobalSection
	GlobalSection(ProjectConfigurationPlatforms) = postSolution
		{DA135500-D7BA-4743-90C3-17818602493F}.Debug|Any CPU.ActiveCfg = Debug|Any CPU
		{DA135500-D7BA-4743-90C3-17818602493F}.Debug|Any CPU.Build.0 = Debug|Any CPU
		{DA135500-D7BA-4743-90C3-17818602493F}.Release|Any CPU.ActiveCfg = Release|Any CPU
		{DA135500-D7BA-4743-90C3-17818602493F}.Release|Any CPU.Build.0 = Release|Any CPU
	EndGlobalSection
	GlobalSection(SolutionProperties) = preSolution
		HideSolutionNode = FALSE
	EndGlobalSection
	GlobalSection(ExtensibilityGlobals) = postSolution
		SolutionGuid = {A1F76E50-9254-468F-ABE2-9502594FB5E9}
	EndGlobalSection
EndGlobal
